
Microsoft Visual Studio Solution File, Format Version 12.00
# Visual Studio Version 16
VisualStudioVersion = 16.0.30907.101
MinimumVisualStudioVersion = 10.0.40219.1
Project("{FAE04EC0-301F-11D3-BF4B-00C04F79EFBC}") = "Insertion Sort Task", "Insertion Sort Task\Insertion Sort Task.csproj", "{8CD62A14-AADC-49FD-885E-98C58E072170}"
EndProject
Global
	GlobalSection(SolutionConfigurationPlatforms) = preSolution
		Debug|Any CPU = Debug|Any CPU
		Release|Any CPU = Release|Any CPU
	EndGlobalSection
	GlobalSection(ProjectConfigurationPlatforms) = postSolution
		{8CD62A14-AADC-49FD-885E-98C58E072170}.Debug|Any CPU.ActiveCfg = Debug|Any CPU
		{8CD62A14-AADC-49FD-885E-98C58E072170}.Debug|Any CPU.Build.0 = Debug|Any CPU
		{8CD62A14-AADC-49FD-885E-98C58E072170}.Release|Any CPU.ActiveCfg = Release|Any CPU
		{8CD62A14-AADC-49FD-885E-98C58E072170}.Release|Any CPU.Build.0 = Release|Any CPU
	EndGlobalSection
	GlobalSection(SolutionProperties) = preSolution
		HideSolutionNode = FALSE
	EndGlobalSection
	GlobalSection(ExtensibilityGlobals) = postSolution
		SolutionGuid = {CFAD7475-DB57-48AA-93DC-C1388C2C71C3}
	EndGlobalSection
EndGlobal
